
Microsoft Visual Studio Solution File, Format Version 12.00
# Visual Studio Version 17
VisualStudioVersion = 17.7.34031.279
MinimumVisualStudioVersion = 10.0.40219.1
Project("{8BC9CEB8-8B4A-11D0-8D11-00A0C91BC942}") = "Barrier Example", "Barrier Example\Barrier Example.vcxproj", "{278DC9DB-FD60-4BC0-A319-2DBB9C9D8955}"
EndProject
Global
	GlobalSection(SolutionConfigurationPlatforms) = preSolution
		Debug|x64 = Debug|x64
		Debug|x86 = Debug|x86
		Release|x64 = Release|x64
		Release|x86 = Release|x86
	EndGlobalSection
	GlobalSection(ProjectConfigurationPlatforms) = postSolution
		{278DC9DB-FD60-4BC0-A319-2DBB9C9D8955}.Debug|x64.ActiveCfg = Debug|x64
		{278DC9DB-FD60-4BC0-A319-2DBB9C9D8955}.Debug|x64.Build.0 = Debug|x64
		{278DC9DB-FD60-4BC0-A319-2DBB9C9D8955}.Debug|x86.ActiveCfg = Debug|Win32
		{278DC9DB-FD60-4BC0-A319-2DBB9C9D8955}.Debug|x86.Build.0 = Debug|Win32
		{278DC9DB-FD60-4BC0-A319-2DBB9C9D8955}.Release|x64.ActiveCfg = Release|x64
		{278DC9DB-FD60-4BC0-A319-2DBB9C9D8955}.Release|x64.Build.0 = Release|x64
		{278DC9DB-FD60-4BC0-A319-2DBB9C9D8955}.Release|x86.ActiveCfg = Release|Win32
		{278DC9DB-FD60-4BC0-A319-2DBB9C9D8955}.Release|x86.Build.0 = Release|Win32
	EndGlobalSection
	GlobalSection(SolutionProperties) = preSolution
		HideSolutionNode = FALSE
	EndGlobalSection
	GlobalSection(ExtensibilityGlobals) = postSolution
		SolutionGuid = {2D9D03E8-27AE-4A84-BCB7-E613FF52B756}
	EndGlobalSection
EndGlobal
